
Microsoft Visual Studio Solution File, Format Version 12.00
# Visual Studio Version 17
VisualStudioVersion = 17.13.35825.156
MinimumVisualStudioVersion = 10.0.40219.1
Project("{FAE04EC0-301F-11D3-BF4B-00C04F79EFBC}") = "OnlineLibrary", "OnlineLibrary.csproj", "{DA16988D-43E7-4C62-B908-9FF5EC0FB992}"
EndProject
Project("{FAE04EC0-301F-11D3-BF4B-00C04F79EFBC}") = "UnitTests", "..\UnitTests\UnitTests.csproj", "{9F1C5CFA-E894-F038-D7AA-11E8DD80098B}"
EndProject
Global
	GlobalSection(SolutionConfigurationPlatforms) = preSolution
		Debug|Any CPU = Debug|Any CPU
		Release|Any CPU = Release|Any CPU
	EndGlobalSection
	GlobalSection(ProjectConfigurationPlatforms) = postSolution
		{DA16988D-43E7-4C62-B908-9FF5EC0FB992}.Debug|Any CPU.ActiveCfg = Debug|Any CPU
		{DA16988D-43E7-4C62-B908-9FF5EC0FB992}.Debug|Any CPU.Build.0 = Debug|Any CPU
		{DA16988D-43E7-4C62-B908-9FF5EC0FB992}.Release|Any CPU.ActiveCfg = Release|Any CPU
		{DA16988D-43E7-4C62-B908-9FF5EC0FB992}.Release|Any CPU.Build.0 = Release|Any CPU
		{9F1C5CFA-E894-F038-D7AA-11E8DD80098B}.Debug|Any CPU.ActiveCfg = Debug|Any CPU
		{9F1C5CFA-E894-F038-D7AA-11E8DD80098B}.Debug|Any CPU.Build.0 = Debug|Any CPU
		{9F1C5CFA-E894-F038-D7AA-11E8DD80098B}.Release|Any CPU.ActiveCfg = Release|Any CPU
		{9F1C5CFA-E894-F038-D7AA-11E8DD80098B}.Release|Any CPU.Build.0 = Release|Any CPU
	EndGlobalSection
	GlobalSection(SolutionProperties) = preSolution
		HideSolutionNode = FALSE
	EndGlobalSection
	GlobalSection(ExtensibilityGlobals) = postSolution
		SolutionGuid = {4BBEE0CA-5551-4117-9C7E-E6489C404FF1}
	EndGlobalSection
EndGlobal
